
Microsoft Visual Studio Solution File, Format Version 12.00
# Visual Studio 15
VisualStudioVersion = 15.0.28307.421
MinimumVisualStudioVersion = 10.0.40219.1
Project("{FAE04EC0-301F-11D3-BF4B-00C04F79EFBC}") = "OnlineShopCore", "OnlineShopCore\OnlineShopCore.csproj", "{FBEAE5CF-BDE2-4B6E-8A3E-F5ED0D56F11F}"
EndProject
Global
	GlobalSection(SolutionConfigurationPlatforms) = preSolution
		Debug|Any CPU = Debug|Any CPU
		Release|Any CPU = Release|Any CPU
	EndGlobalSection
	GlobalSection(ProjectConfigurationPlatforms) = postSolution
		{FBEAE5CF-BDE2-4B6E-8A3E-F5ED0D56F11F}.Debug|Any CPU.ActiveCfg = Debug|Any CPU
		{FBEAE5CF-BDE2-4B6E-8A3E-F5ED0D56F11F}.Debug|Any CPU.Build.0 = Debug|Any CPU
		{FBEAE5CF-BDE2-4B6E-8A3E-F5ED0D56F11F}.Release|Any CPU.ActiveCfg = Release|Any CPU
		{FBEAE5CF-BDE2-4B6E-8A3E-F5ED0D56F11F}.Release|Any CPU.Build.0 = Release|Any CPU
	EndGlobalSection
	GlobalSection(SolutionProperties) = preSolution
		HideSolutionNode = FALSE
	EndGlobalSection
	GlobalSection(ExtensibilityGlobals) = postSolution
		SolutionGuid = {442245CB-0F8C-4875-B33D-380778E8D9ED}
	EndGlobalSection
EndGlobal
